
Microsoft Visual Studio Solution File, Format Version 12.00
# Visual Studio Version 16
VisualStudioVersion = 16.0.30517.126
MinimumVisualStudioVersion = 10.0.40219.1
Project("{FAE04EC0-301F-11D3-BF4B-00C04F79EFBC}") = "mygame", "mygame\mygame.csproj", "{39318142-731D-4749-921B-492F4F28DFED}"
EndProject
Global
	GlobalSection(SolutionConfigurationPlatforms) = preSolution
		Debug|Any CPU = Debug|Any CPU
		Release|Any CPU = Release|Any CPU
	EndGlobalSection
	GlobalSection(ProjectConfigurationPlatforms) = postSolution
		{39318142-731D-4749-921B-492F4F28DFED}.Debug|Any CPU.ActiveCfg = Debug|Any CPU
		{39318142-731D-4749-921B-492F4F28DFED}.Debug|Any CPU.Build.0 = Debug|Any CPU
		{39318142-731D-4749-921B-492F4F28DFED}.Release|Any CPU.ActiveCfg = Release|Any CPU
		{39318142-731D-4749-921B-492F4F28DFED}.Release|Any CPU.Build.0 = Release|Any CPU
	EndGlobalSection
	GlobalSection(SolutionProperties) = preSolution
		HideSolutionNode = FALSE
	EndGlobalSection
	GlobalSection(ExtensibilityGlobals) = postSolution
		SolutionGuid = {B187A7A6-BF1A-4222-9F43-610128B7175D}
	EndGlobalSection
EndGlobal
